
Microsoft Visual Studio Solution File, Format Version 12.00
# Visual Studio 14
VisualStudioVersion = 14.0.23107.0
MinimumVisualStudioVersion = 10.0.40219.1
Project("{FAE04EC0-301F-11D3-BF4B-00C04F79EFBC}") = "lib", "lib\lib.csproj", "{B542EC66-2470-4880-9529-FF3F2F3D09DB}"
EndProject
Project("{FAE04EC0-301F-11D3-BF4B-00C04F79EFBC}") = "lib.tests", "lib.tests\lib.tests.csproj", "{A51C4360-D1AC-4888-9071-17243FAD297E}"
EndProject
Project("{FAE04EC0-301F-11D3-BF4B-00C04F79EFBC}") = "cons", "cons\cons.csproj", "{719BC88C-1CF2-4081-AD95-086D90C8B7E0}"
EndProject
Project("{FAE04EC0-301F-11D3-BF4B-00C04F79EFBC}") = "webui", "webui\webui.csproj", "{587B8AE0-051C-408C-A5FC-8184082A4327}"
EndProject
Global
	GlobalSection(SolutionConfigurationPlatforms) = preSolution
		Debug|Any CPU = Debug|Any CPU
		Release|Any CPU = Release|Any CPU
	EndGlobalSection
	GlobalSection(ProjectConfigurationPlatforms) = postSolution
		{B542EC66-2470-4880-9529-FF3F2F3D09DB}.Debug|Any CPU.ActiveCfg = Debug|Any CPU
		{B542EC66-2470-4880-9529-FF3F2F3D09DB}.Debug|Any CPU.Build.0 = Debug|Any CPU
		{B542EC66-2470-4880-9529-FF3F2F3D09DB}.Release|Any CPU.ActiveCfg = Release|Any CPU
		{B542EC66-2470-4880-9529-FF3F2F3D09DB}.Release|Any CPU.Build.0 = Release|Any CPU
		{A51C4360-D1AC-4888-9071-17243FAD297E}.Debug|Any CPU.ActiveCfg = Debug|Any CPU
		{A51C4360-D1AC-4888-9071-17243FAD297E}.Debug|Any CPU.Build.0 = Debug|Any CPU
		{A51C4360-D1AC-4888-9071-17243FAD297E}.Release|Any CPU.ActiveCfg = Release|Any CPU
		{A51C4360-D1AC-4888-9071-17243FAD297E}.Release|Any CPU.Build.0 = Release|Any CPU
		{719BC88C-1CF2-4081-AD95-086D90C8B7E0}.Debug|Any CPU.ActiveCfg = Debug|Any CPU
		{719BC88C-1CF2-4081-AD95-086D90C8B7E0}.Debug|Any CPU.Build.0 = Debug|Any CPU
		{719BC88C-1CF2-4081-AD95-086D90C8B7E0}.Release|Any CPU.ActiveCfg = Release|Any CPU
		{719BC88C-1CF2-4081-AD95-086D90C8B7E0}.Release|Any CPU.Build.0 = Release|Any CPU
		{587B8AE0-051C-408C-A5FC-8184082A4327}.Debug|Any CPU.ActiveCfg = Debug|Any CPU
		{587B8AE0-051C-408C-A5FC-8184082A4327}.Debug|Any CPU.Build.0 = Debug|Any CPU
		{587B8AE0-051C-408C-A5FC-8184082A4327}.Release|Any CPU.ActiveCfg = Release|Any CPU
		{587B8AE0-051C-408C-A5FC-8184082A4327}.Release|Any CPU.Build.0 = Release|Any CPU
	EndGlobalSection
	GlobalSection(SolutionProperties) = preSolution
		HideSolutionNode = FALSE
	EndGlobalSection
EndGlobal
